
Microsoft Visual Studio Solution File, Format Version 12.00
Project("{FAE04EC0-301F-11D3-BF4B-00C04F79EFBC}") = "quizzApp", "quizzApp.csproj", "{FE542126-5B58-4E6E-96CC-176D82088E0A}"
EndProject
Global
	GlobalSection(SolutionConfigurationPlatforms) = preSolution
		Debug|Any CPU = Debug|Any CPU
		Release|Any CPU = Release|Any CPU
	EndGlobalSection
	GlobalSection(ProjectConfigurationPlatforms) = postSolution
		{FE542126-5B58-4E6E-96CC-176D82088E0A}.Debug|Any CPU.ActiveCfg = Debug|Any CPU
		{FE542126-5B58-4E6E-96CC-176D82088E0A}.Debug|Any CPU.Build.0 = Debug|Any CPU
		{FE542126-5B58-4E6E-96CC-176D82088E0A}.Release|Any CPU.ActiveCfg = Release|Any CPU
		{FE542126-5B58-4E6E-96CC-176D82088E0A}.Release|Any CPU.Build.0 = Release|Any CPU
	EndGlobalSection
EndGlobal
